
Microsoft Visual Studio Solution File, Format Version 12.00
# Visual Studio Version 16
VisualStudioVersion = 16.0.31702.278
MinimumVisualStudioVersion = 10.0.40219.1
Project("{8BC9CEB8-8B4A-11D0-8D11-00A0C91BC942}") = "Tyuiu.AramaAG.Sprint0", "Tyuiu.AramaAG.Sprint0.vcxproj", "{966BD35E-E18C-4391-8781-3132C4ADD8BC}"
EndProject
Project("{2150E333-8FDC-42A3-9474-1A3956D46DE8}") = "Task0", "Task0", "{02532F32-7021-4619-9B6C-97A8476184E3}"
EndProject
Project("{8BC9CEB8-8B4A-11D0-8D11-00A0C91BC942}") = "Tyuiu.AramaAG.Sprint0.Task0.V0", "Tyuiu.AramaAG.Sprint0.Task0.V0\Tyuiu.AramaAG.Sprint0.Task0.V0.vcxproj", "{67A9FF5D-5952-4A08-94B9-4C64FEB4B5D6}"
EndProject
Project("{2150E333-8FDC-42A3-9474-1A3956D46DE8}") = "Task1", "Task1", "{D6A6162D-E61B-4171-B4F0-0EB2B9196E42}"
EndProject
Project("{8BC9CEB8-8B4A-11D0-8D11-00A0C91BC942}") = "Tyuiu.AramaAG.Sprint0.Task1.V0", "Tyuiu.AramaAG.Sprint0.Task1.V0\Tyuiu.AramaAG.Sprint0.Task1.V0.vcxproj", "{7D4690D9-94D6-42DB-AAAC-257C4E25E7F5}"
EndProject
Project("{2150E333-8FDC-42A3-9474-1A3956D46DE8}") = "Task2", "Task2", "{80A937E6-7CFC-4F57-9EC9-6EDA2B9012A1}"
EndProject
Project("{8BC9CEB8-8B4A-11D0-8D11-00A0C91BC942}") = "Tyuiu.AramaAG.Sprint0.Task2.V0", "Tyuiu.AramaAG.Sprint0.Task2.V0\Tyuiu.AramaAG.Sprint0.Task2.V0.vcxproj", "{CAAE24FA-B6F0-4C6A-A792-81013CDBA62D}"
EndProject
Project("{8BC9CEB8-8B4A-11D0-8D11-00A0C91BC942}") = "Tyuiu.AramaAG.Sprint0.Task2.V0.Lib", "Tyuiu.AramaAG.Sprint0.Task2.V0.Lib\Tyuiu.AramaAG.Sprint0.Task2.V0.Lib.vcxproj", "{8622F747-15AC-4675-9055-D7E613CF3F72}"
EndProject
Project("{8BC9CEB8-8B4A-11D0-8D11-00A0C91BC942}") = "Tyuiu.AramaAG.Sprint0.Task2.V0.Test", "Tyuiu.AramaAG.Sprint0.Task2.V0.Test\Tyuiu.AramaAG.Sprint0.Task2.V0.Test.vcxproj", "{4796F31F-7CE5-4C85-BF74-100466E615E0}"
EndProject
Project("{2150E333-8FDC-42A3-9474-1A3956D46DE8}") = "Task3", "Task3", "{2C238E7A-EDC1-4ECF-A227-63459DE9F00D}"
EndProject
Project("{8BC9CEB8-8B4A-11D0-8D11-00A0C91BC942}") = "Tyuiu.AramaAG.Sprint0.Task3.V0", "Tyuiu.AramaAG.Sprint0.Task3.V0\Tyuiu.AramaAG.Sprint0.Task3.V0.vcxproj", "{4EE0B5A7-7CBD-4227-83D8-4313B999797E}"
EndProject
Project("{8BC9CEB8-8B4A-11D0-8D11-00A0C91BC942}") = "Tyuiu.AramaAG.Sprint0.Task3.V0.Lib", "Tyuiu.AramaAG.Sprint0.Task3.V0.Lib\Tyuiu.AramaAG.Sprint0.Task3.V0.Lib.vcxproj", "{5D25D94C-3986-4381-8922-BE73BACADA48}"
EndProject
Project("{8BC9CEB8-8B4A-11D0-8D11-00A0C91BC942}") = "Tyuiu.AramaAG.Sprint0.Task3.V0.Test", "Tyuiu.AramaAG.Sprint0.Task3.V0.Test\Tyuiu.AramaAG.Sprint0.Task3.V0.Test.vcxproj", "{1DABA21A-2301-47F4-9FC9-8FABCDC47904}"
EndProject
Project("{2150E333-8FDC-42A3-9474-1A3956D46DE8}") = "Task4", "Task4", "{884205C5-3F2B-4811-A919-D3FC0B9805B0}"
EndProject
Project("{8BC9CEB8-8B4A-11D0-8D11-00A0C91BC942}") = "Tyuiu.AramaAG.Sprint0.Task4.V2.Lib", "Tyuiu.AramaAG.Sprint0.Task4.V2.Lib\Tyuiu.AramaAG.Sprint0.Task4.V2.Lib.vcxproj", "{EE8BAC45-E3ED-498B-9140-F8C900B6B681}"
EndProject
Project("{8BC9CEB8-8B4A-11D0-8D11-00A0C91BC942}") = "Tyuiu.AramaAG.Sprint0.Task4.V2.Test", "Tyuiu.AramaAG.Sprint0.Task4.V2.Test\Tyuiu.AramaAG.Sprint0.Task4.V2.Test.vcxproj", "{9D5CD3ED-6752-4D15-87BA-5FB5890D1176}"
EndProject
Project("{8BC9CEB8-8B4A-11D0-8D11-00A0C91BC942}") = "Tyuiu.AramaAG.Sprint0.Task4.V2", "Tyuiu.AramaAG.Sprint0.Task4.V2\Tyuiu.AramaAG.Sprint0.Task4.V2.vcxproj", "{63801BB3-EBDB-40FF-B0DF-96256601EE98}"
EndProject
Project("{2150E333-8FDC-42A3-9474-1A3956D46DE8}") = "Task5", "Task5", "{21049BFC-36D2-4BA9-84BF-076751E1B553}"
EndProject
Project("{8BC9CEB8-8B4A-11D0-8D11-00A0C91BC942}") = "Tyuiu.AramaAG.Sprint0.Task5.V2", "Tyuiu.AramaAG.Sprint0.Task5.V2\Tyuiu.AramaAG.Sprint0.Task5.V2.vcxproj", "{D24D2299-8FF3-49E6-A012-387578A41541}"
EndProject
Project("{8BC9CEB8-8B4A-11D0-8D11-00A0C91BC942}") = "Tyuiu.AramaAG.Sprint0.Task5.V2.Lib", "Tyuiu.AramaAG.Sprint0.Task5.V2.Lib\Tyuiu.AramaAG.Sprint0.Task5.V2.Lib.vcxproj", "{C46DB4ED-834A-437D-8DC0-0177CADB3AD7}"
EndProject
Project("{8BC9CEB8-8B4A-11D0-8D11-00A0C91BC942}") = "Tyuiu.AramaAG.Sprint0.Task5.V2.Test", "Tyuiu.AramaAG.Sprint0.Task5.V2.Test\Tyuiu.AramaAG.Sprint0.Task5.V2.Test.vcxproj", "{B47AF4DF-25F6-4AB3-A599-763B3E128B4D}"
EndProject
Project("{2150E333-8FDC-42A3-9474-1A3956D46DE8}") = "Task6", "Task6", "{0CEF1F95-44AB-4986-B664-F02845ABA254}"
EndProject
Project("{8BC9CEB8-8B4A-11D0-8D11-00A0C91BC942}") = "Tyuiu.AramaAG.Sprint0.Task6.V2.Test", "Tyuiu.AramaAG.Sprint0.Task6.V2.Test\Tyuiu.AramaAG.Sprint0.Task6.V2.Test.vcxproj", "{99091C6D-4991-430F-BE21-1BD6AD7292BE}"
EndProject
Project("{8BC9CEB8-8B4A-11D0-8D11-00A0C91BC942}") = "Tyuiu.AramaAG.Sprint0.Task6.V2.Lib", "Tyuiu.AramaAG.Sprint0.Task6.V2.Lib\Tyuiu.AramaAG.Sprint0.Task6.V2.Lib.vcxproj", "{3B712216-EF7C-4128-9A74-0C1490A08052}"
EndProject
Project("{8BC9CEB8-8B4A-11D0-8D11-00A0C91BC942}") = "Tyuiu.AramaAG.Sprint0.Task6.V2", "Tyuiu.AramaAG.Sprint0.Task6.V2\Tyuiu.AramaAG.Sprint0.Task6.V2.vcxproj", "{D5B07073-964D-4289-970C-05724C310B30}"
EndProject
Project("{2150E333-8FDC-42A3-9474-1A3956D46DE8}") = "Task7", "Task7", "{A766E8BF-92BE-450D-AF4A-A9D6D8510FE2}"
EndProject
Project("{8BC9CEB8-8B4A-11D0-8D11-00A0C91BC942}") = "Tyuiu.AramaAG.Sprint0.Task7.V2.Test", "Tyuiu.AramaAG.Sprint0.Task7.V2.Test\Tyuiu.AramaAG.Sprint0.Task7.V2.Test.vcxproj", "{275FA03B-8CD6-45A4-8F5A-C8BE231B206B}"
EndProject
Project("{8BC9CEB8-8B4A-11D0-8D11-00A0C91BC942}") = "Tyuiu.AramaAG.Sprint0.Task7.V2.Lib.cpp", "Tyuiu.AramaAG.Sprint0.Task7.V2.Lib.cpp\Tyuiu.AramaAG.Sprint0.Task7.V2.Lib.cpp.vcxproj", "{20DAC4A3-3103-4F3A-AF26-E841D478AE10}"
EndProject
Project("{8BC9CEB8-8B4A-11D0-8D11-00A0C91BC942}") = "Tyuiu.AramaAG.Sprint0.Task7.V2", "Tyuiu.AramaAG.Sprint0.Task7.V2\Tyuiu.AramaAG.Sprint0.Task7.V2.vcxproj", "{EB71F3BE-07B1-4935-BF7C-7F379A808DDF}"
EndProject
Global
	GlobalSection(SolutionConfigurationPlatforms) = preSolution
		Debug|Any CPU = Debug|Any CPU
		Debug|x64 = Debug|x64
		Debug|x86 = Debug|x86
		Release|Any CPU = Release|Any CPU
		Release|x64 = Release|x64
		Release|x86 = Release|x86
	EndGlobalSection
	GlobalSection(ProjectConfigurationPlatforms) = postSolution
		{966BD35E-E18C-4391-8781-3132C4ADD8BC}.Debug|Any CPU.ActiveCfg = Debug|Win32
		{966BD35E-E18C-4391-8781-3132C4ADD8BC}.Debug|x64.ActiveCfg = Debug|x64
		{966BD35E-E18C-4391-8781-3132C4ADD8BC}.Debug|x64.Build.0 = Debug|x64
		{966BD35E-E18C-4391-8781-3132C4ADD8BC}.Debug|x86.ActiveCfg = Debug|Win32
		{966BD35E-E18C-4391-8781-3132C4ADD8BC}.Debug|x86.Build.0 = Debug|Win32
		{966BD35E-E18C-4391-8781-3132C4ADD8BC}.Release|Any CPU.ActiveCfg = Release|Win32
		{966BD35E-E18C-4391-8781-3132C4ADD8BC}.Release|x64.ActiveCfg = Release|x64
		{966BD35E-E18C-4391-8781-3132C4ADD8BC}.Release|x64.Build.0 = Release|x64
		{966BD35E-E18C-4391-8781-3132C4ADD8BC}.Release|x86.ActiveCfg = Release|Win32
		{966BD35E-E18C-4391-8781-3132C4ADD8BC}.Release|x86.Build.0 = Release|Win32
		{67A9FF5D-5952-4A08-94B9-4C64FEB4B5D6}.Debug|Any CPU.ActiveCfg = Debug|Win32
		{67A9FF5D-5952-4A08-94B9-4C64FEB4B5D6}.Debug|x64.ActiveCfg = Debug|x64
		{67A9FF5D-5952-4A08-94B9-4C64FEB4B5D6}.Debug|x64.Build.0 = Debug|x64
		{67A9FF5D-5952-4A08-94B9-4C64FEB4B5D6}.Debug|x86.ActiveCfg = Debug|Win32
		{67A9FF5D-5952-4A08-94B9-4C64FEB4B5D6}.Debug|x86.Build.0 = Debug|Win32
		{67A9FF5D-5952-4A08-94B9-4C64FEB4B5D6}.Release|Any CPU.ActiveCfg = Release|Win32
		{67A9FF5D-5952-4A08-94B9-4C64FEB4B5D6}.Release|x64.ActiveCfg = Release|x64
		{67A9FF5D-5952-4A08-94B9-4C64FEB4B5D6}.Release|x64.Build.0 = Release|x64
		{67A9FF5D-5952-4A08-94B9-4C64FEB4B5D6}.Release|x86.ActiveCfg = Release|Win32
		{67A9FF5D-5952-4A08-94B9-4C64FEB4B5D6}.Release|x86.Build.0 = Release|Win32
		{7D4690D9-94D6-42DB-AAAC-257C4E25E7F5}.Debug|Any CPU.ActiveCfg = Debug|Win32
		{7D4690D9-94D6-42DB-AAAC-257C4E25E7F5}.Debug|x64.ActiveCfg = Debug|x64
		{7D4690D9-94D6-42DB-AAAC-257C4E25E7F5}.Debug|x64.Build.0 = Debug|x64
		{7D4690D9-94D6-42DB-AAAC-257C4E25E7F5}.Debug|x86.ActiveCfg = Debug|Win32
		{7D4690D9-94D6-42DB-AAAC-257C4E25E7F5}.Debug|x86.Build.0 = Debug|Win32
		{7D4690D9-94D6-42DB-AAAC-257C4E25E7F5}.Release|Any CPU.ActiveCfg = Release|Win32
		{7D4690D9-94D6-42DB-AAAC-257C4E25E7F5}.Release|x64.ActiveCfg = Release|x64
		{7D4690D9-94D6-42DB-AAAC-257C4E25E7F5}.Release|x64.Build.0 = Release|x64
		{7D4690D9-94D6-42DB-AAAC-257C4E25E7F5}.Release|x86.ActiveCfg = Release|Win32
		{7D4690D9-94D6-42DB-AAAC-257C4E25E7F5}.Release|x86.Build.0 = Release|Win32
		{CAAE24FA-B6F0-4C6A-A792-81013CDBA62D}.Debug|Any CPU.ActiveCfg = Debug|Win32
		{CAAE24FA-B6F0-4C6A-A792-81013CDBA62D}.Debug|x64.ActiveCfg = Debug|x64
		{CAAE24FA-B6F0-4C6A-A792-81013CDBA62D}.Debug|x64.Build.0 = Debug|x64
		{CAAE24FA-B6F0-4C6A-A792-81013CDBA62D}.Debug|x86.ActiveCfg = Debug|Win32
		{CAAE24FA-B6F0-4C6A-A792-81013CDBA62D}.Debug|x86.Build.0 = Debug|Win32
		{CAAE24FA-B6F0-4C6A-A792-81013CDBA62D}.Release|Any CPU.ActiveCfg = Release|Win32
		{CAAE24FA-B6F0-4C6A-A792-81013CDBA62D}.Release|x64.ActiveCfg = Release|x64
		{CAAE24FA-B6F0-4C6A-A792-81013CDBA62D}.Release|x64.Build.0 = Release|x64
		{CAAE24FA-B6F0-4C6A-A792-81013CDBA62D}.Release|x86.ActiveCfg = Release|Win32
		{CAAE24FA-B6F0-4C6A-A792-81013CDBA62D}.Release|x86.Build.0 = Release|Win32
		{8622F747-15AC-4675-9055-D7E613CF3F72}.Debug|Any CPU.ActiveCfg = Debug|Win32
		{8622F747-15AC-4675-9055-D7E613CF3F72}.Debug|x64.ActiveCfg = Debug|x64
		{8622F747-15AC-4675-9055-D7E613CF3F72}.Debug|x64.Build.0 = Debug|x64
		{8622F747-15AC-4675-9055-D7E613CF3F72}.Debug|x86.ActiveCfg = Debug|Win32
		{8622F747-15AC-4675-9055-D7E613CF3F72}.Debug|x86.Build.0 = Debug|Win32
		{8622F747-15AC-4675-9055-D7E613CF3F72}.Release|Any CPU.ActiveCfg = Release|Win32
		{8622F747-15AC-4675-9055-D7E613CF3F72}.Release|x64.ActiveCfg = Release|x64
		{8622F747-15AC-4675-9055-D7E613CF3F72}.Release|x64.Build.0 = Release|x64
		{8622F747-15AC-4675-9055-D7E613CF3F72}.Release|x86.ActiveCfg = Release|Win32
		{8622F747-15AC-4675-9055-D7E613CF3F72}.Release|x86.Build.0 = Release|Win32
		{4796F31F-7CE5-4C85-BF74-100466E615E0}.Debug|Any CPU.ActiveCfg = Debug|Win32
		{4796F31F-7CE5-4C85-BF74-100466E615E0}.Debug|x64.ActiveCfg = Debug|x64
		{4796F31F-7CE5-4C85-BF74-100466E615E0}.Debug|x64.Build.0 = Debug|x64
		{4796F31F-7CE5-4C85-BF74-100466E615E0}.Debug|x86.ActiveCfg = Debug|Win32
		{4796F31F-7CE5-4C85-BF74-100466E615E0}.Debug|x86.Build.0 = Debug|Win32
		{4796F31F-7CE5-4C85-BF74-100466E615E0}.Release|Any CPU.ActiveCfg = Release|Win32
		{4796F31F-7CE5-4C85-BF74-100466E615E0}.Release|x64.ActiveCfg = Release|x64
		{4796F31F-7CE5-4C85-BF74-100466E615E0}.Release|x64.Build.0 = Release|x64
		{4796F31F-7CE5-4C85-BF74-100466E615E0}.Release|x86.ActiveCfg = Release|Win32
		{4796F31F-7CE5-4C85-BF74-100466E615E0}.Release|x86.Build.0 = Release|Win32
		{4EE0B5A7-7CBD-4227-83D8-4313B999797E}.Debug|Any CPU.ActiveCfg = Debug|Win32
		{4EE0B5A7-7CBD-4227-83D8-4313B999797E}.Debug|x64.ActiveCfg = Debug|x64
		{4EE0B5A7-7CBD-4227-83D8-4313B999797E}.Debug|x64.Build.0 = Debug|x64
		{4EE0B5A7-7CBD-4227-83D8-4313B999797E}.Debug|x86.ActiveCfg = Debug|Win32
		{4EE0B5A7-7CBD-4227-83D8-4313B999797E}.Debug|x86.Build.0 = Debug|Win32
		{4EE0B5A7-7CBD-4227-83D8-4313B999797E}.Release|Any CPU.ActiveCfg = Release|Win32
		{4EE0B5A7-7CBD-4227-83D8-4313B999797E}.Release|x64.ActiveCfg = Release|x64
		{4EE0B5A7-7CBD-4227-83D8-4313B999797E}.Release|x64.Build.0 = Release|x64
		{4EE0B5A7-7CBD-4227-83D8-4313B999797E}.Release|x86.ActiveCfg = Release|Win32
		{4EE0B5A7-7CBD-4227-83D8-4313B999797E}.Release|x86.Build.0 = Release|Win32
		{5D25D94C-3986-4381-8922-BE73BACADA48}.Debug|Any CPU.ActiveCfg = Debug|Win32
		{5D25D94C-3986-4381-8922-BE73BACADA48}.Debug|x64.ActiveCfg = Debug|x64
		{5D25D94C-3986-4381-8922-BE73BACADA48}.Debug|x64.Build.0 = Debug|x64
		{5D25D94C-3986-4381-8922-BE73BACADA48}.Debug|x86.ActiveCfg = Debug|Win32
		{5D25D94C-3986-4381-8922-BE73BACADA48}.Debug|x86.Build.0 = Debug|Win32
		{5D25D94C-3986-4381-8922-BE73BACADA48}.Release|Any CPU.ActiveCfg = Release|Win32
		{5D25D94C-3986-4381-8922-BE73BACADA48}.Release|x64.ActiveCfg = Release|x64
		{5D25D94C-3986-4381-8922-BE73BACADA48}.Release|x64.Build.0 = Release|x64
		{5D25D94C-3986-4381-8922-BE73BACADA48}.Release|x86.ActiveCfg = Release|Win32
		{5D25D94C-3986-4381-8922-BE73BACADA48}.Release|x86.Build.0 = Release|Win32
		{1DABA21A-2301-47F4-9FC9-8FABCDC47904}.Debug|Any CPU.ActiveCfg = Debug|Win32
		{1DABA21A-2301-47F4-9FC9-8FABCDC47904}.Debug|x64.ActiveCfg = Debug|x64
		{1DABA21A-2301-47F4-9FC9-8FABCDC47904}.Debug|x64.Build.0 = Debug|x64
		{1DABA21A-2301-47F4-9FC9-8FABCDC47904}.Debug|x86.ActiveCfg = Debug|Win32
		{1DABA21A-2301-47F4-9FC9-8FABCDC47904}.Debug|x86.Build.0 = Debug|Win32
		{1DABA21A-2301-47F4-9FC9-8FABCDC47904}.Release|Any CPU.ActiveCfg = Release|Win32
		{1DABA21A-2301-47F4-9FC9-8FABCDC47904}.Release|x64.ActiveCfg = Release|x64
		{1DABA21A-2301-47F4-9FC9-8FABCDC47904}.Release|x64.Build.0 = Release|x64
		{1DABA21A-2301-47F4-9FC9-8FABCDC47904}.Release|x86.ActiveCfg = Release|Win32
		{1DABA21A-2301-47F4-9FC9-8FABCDC47904}.Release|x86.Build.0 = Release|Win32
		{EE8BAC45-E3ED-498B-9140-F8C900B6B681}.Debug|Any CPU.ActiveCfg = Debug|Win32
		{EE8BAC45-E3ED-498B-9140-F8C900B6B681}.Debug|x64.ActiveCfg = Debug|x64
		{EE8BAC45-E3ED-498B-9140-F8C900B6B681}.Debug|x64.Build.0 = Debug|x64
		{EE8BAC45-E3ED-498B-9140-F8C900B6B681}.Debug|x86.ActiveCfg = Debug|Win32
		{EE8BAC45-E3ED-498B-9140-F8C900B6B681}.Debug|x86.Build.0 = Debug|Win32
		{EE8BAC45-E3ED-498B-9140-F8C900B6B681}.Release|Any CPU.ActiveCfg = Release|Win32
		{EE8BAC45-E3ED-498B-9140-F8C900B6B681}.Release|x64.ActiveCfg = Release|x64
		{EE8BAC45-E3ED-498B-9140-F8C900B6B681}.Release|x64.Build.0 = Release|x64
		{EE8BAC45-E3ED-498B-9140-F8C900B6B681}.Release|x86.ActiveCfg = Release|Win32
		{EE8BAC45-E3ED-498B-9140-F8C900B6B681}.Release|x86.Build.0 = Release|Win32
		{9D5CD3ED-6752-4D15-87BA-5FB5890D1176}.Debug|Any CPU.ActiveCfg = Debug|Win32
		{9D5CD3ED-6752-4D15-87BA-5FB5890D1176}.Debug|x64.ActiveCfg = Debug|x64
		{9D5CD3ED-6752-4D15-87BA-5FB5890D1176}.Debug|x64.Build.0 = Debug|x64
		{9D5CD3ED-6752-4D15-87BA-5FB5890D1176}.Debug|x86.ActiveCfg = Debug|Win32
		{9D5CD3ED-6752-4D15-87BA-5FB5890D1176}.Debug|x86.Build.0 = Debug|Win32
		{9D5CD3ED-6752-4D15-87BA-5FB5890D1176}.Release|Any CPU.ActiveCfg = Release|Win32
		{9D5CD3ED-6752-4D15-87BA-5FB5890D1176}.Release|x64.ActiveCfg = Release|x64
		{9D5CD3ED-6752-4D15-87BA-5FB5890D1176}.Release|x64.Build.0 = Release|x64
		{9D5CD3ED-6752-4D15-87BA-5FB5890D1176}.Release|x86.ActiveCfg = Release|Win32
		{9D5CD3ED-6752-4D15-87BA-5FB5890D1176}.Release|x86.Build.0 = Release|Win32
		{63801BB3-EBDB-40FF-B0DF-96256601EE98}.Debug|Any CPU.ActiveCfg = Debug|Win32
		{63801BB3-EBDB-40FF-B0DF-96256601EE98}.Debug|x64.ActiveCfg = Debug|x64
		{63801BB3-EBDB-40FF-B0DF-96256601EE98}.Debug|x64.Build.0 = Debug|x64
		{63801BB3-EBDB-40FF-B0DF-96256601EE98}.Debug|x86.ActiveCfg = Debug|Win32
		{63801BB3-EBDB-40FF-B0DF-96256601EE98}.Debug|x86.Build.0 = Debug|Win32
		{63801BB3-EBDB-40FF-B0DF-96256601EE98}.Release|Any CPU.ActiveCfg = Release|Win32
		{63801BB3-EBDB-40FF-B0DF-96256601EE98}.Release|x64.ActiveCfg = Release|x64
		{63801BB3-EBDB-40FF-B0DF-96256601EE98}.Release|x64.Build.0 = Release|x64
		{63801BB3-EBDB-40FF-B0DF-96256601EE98}.Release|x86.ActiveCfg = Release|Win32
		{63801BB3-EBDB-40FF-B0DF-96256601EE98}.Release|x86.Build.0 = Release|Win32
		{D24D2299-8FF3-49E6-A012-387578A41541}.Debug|Any CPU.ActiveCfg = Debug|Win32
		{D24D2299-8FF3-49E6-A012-387578A41541}.Debug|x64.ActiveCfg = Debug|x64
		{D24D2299-8FF3-49E6-A012-387578A41541}.Debug|x64.Build.0 = Debug|x64
		{D24D2299-8FF3-49E6-A012-387578A41541}.Debug|x86.ActiveCfg = Debug|Win32
		{D24D2299-8FF3-49E6-A012-387578A41541}.Debug|x86.Build.0 = Debug|Win32
		{D24D2299-8FF3-49E6-A012-387578A41541}.Release|Any CPU.ActiveCfg = Release|Win32
		{D24D2299-8FF3-49E6-A012-387578A41541}.Release|x64.ActiveCfg = Release|x64
		{D24D2299-8FF3-49E6-A012-387578A41541}.Release|x64.Build.0 = Release|x64
		{D24D2299-8FF3-49E6-A012-387578A41541}.Release|x86.ActiveCfg = Release|Win32
		{D24D2299-8FF3-49E6-A012-387578A41541}.Release|x86.Build.0 = Release|Win32
		{C46DB4ED-834A-437D-8DC0-0177CADB3AD7}.Debug|Any CPU.ActiveCfg = Debug|Win32
		{C46DB4ED-834A-437D-8DC0-0177CADB3AD7}.Debug|x64.ActiveCfg = Debug|x64
		{C46DB4ED-834A-437D-8DC0-0177CADB3AD7}.Debug|x64.Build.0 = Debug|x64
		{C46DB4ED-834A-437D-8DC0-0177CADB3AD7}.Debug|x86.ActiveCfg = Debug|Win32
		{C46DB4ED-834A-437D-8DC0-0177CADB3AD7}.Debug|x86.Build.0 = Debug|Win32
		{C46DB4ED-834A-437D-8DC0-0177CADB3AD7}.Release|Any CPU.ActiveCfg = Release|Win32
		{C46DB4ED-834A-437D-8DC0-0177CADB3AD7}.Release|x64.ActiveCfg = Release|x64
		{C46DB4ED-834A-437D-8DC0-0177CADB3AD7}.Release|x64.Build.0 = Release|x64
		{C46DB4ED-834A-437D-8DC0-0177CADB3AD7}.Release|x86.ActiveCfg = Release|Win32
		{C46DB4ED-834A-437D-8DC0-0177CADB3AD7}.Release|x86.Build.0 = Release|Win32
		{B47AF4DF-25F6-4AB3-A599-763B3E128B4D}.Debug|Any CPU.ActiveCfg = Debug|Win32
		{B47AF4DF-25F6-4AB3-A599-763B3E128B4D}.Debug|x64.ActiveCfg = Debug|x64
		{B47AF4DF-25F6-4AB3-A599-763B3E128B4D}.Debug|x64.Build.0 = Debug|x64
		{B47AF4DF-25F6-4AB3-A599-763B3E128B4D}.Debug|x86.ActiveCfg = Debug|Win32
		{B47AF4DF-25F6-4AB3-A599-763B3E128B4D}.Debug|x86.Build.0 = Debug|Win32
		{B47AF4DF-25F6-4AB3-A599-763B3E128B4D}.Release|Any CPU.ActiveCfg = Release|Win32
		{B47AF4DF-25F6-4AB3-A599-763B3E128B4D}.Release|x64.ActiveCfg = Release|x64
		{B47AF4DF-25F6-4AB3-A599-763B3E128B4D}.Release|x64.Build.0 = Release|x64
		{B47AF4DF-25F6-4AB3-A599-763B3E128B4D}.Release|x86.ActiveCfg = Release|Win32
		{B47AF4DF-25F6-4AB3-A599-763B3E128B4D}.Release|x86.Build.0 = Release|Win32
		{99091C6D-4991-430F-BE21-1BD6AD7292BE}.Debug|Any CPU.ActiveCfg = Debug|Win32
		{99091C6D-4991-430F-BE21-1BD6AD7292BE}.Debug|x64.ActiveCfg = Debug|x64
		{99091C6D-4991-430F-BE21-1BD6AD7292BE}.Debug|x64.Build.0 = Debug|x64
		{99091C6D-4991-430F-BE21-1BD6AD7292BE}.Debug|x86.ActiveCfg = Debug|Win32
		{99091C6D-4991-430F-BE21-1BD6AD7292BE}.Debug|x86.Build.0 = Debug|Win32
		{99091C6D-4991-430F-BE21-1BD6AD7292BE}.Release|Any CPU.ActiveCfg = Release|Win32
		{99091C6D-4991-430F-BE21-1BD6AD7292BE}.Release|x64.ActiveCfg = Release|x64
		{99091C6D-4991-430F-BE21-1BD6AD7292BE}.Release|x64.Build.0 = Release|x64
		{99091C6D-4991-430F-BE21-1BD6AD7292BE}.Release|x86.ActiveCfg = Release|Win32
		{99091C6D-4991-430F-BE21-1BD6AD7292BE}.Release|x86.Build.0 = Release|Win32
		{3B712216-EF7C-4128-9A74-0C1490A08052}.Debug|Any CPU.ActiveCfg = Debug|Win32
		{3B712216-EF7C-4128-9A74-0C1490A08052}.Debug|x64.ActiveCfg = Debug|x64
		{3B712216-EF7C-4128-9A74-0C1490A08052}.Debug|x64.Build.0 = Debug|x64
		{3B712216-EF7C-4128-9A74-0C1490A08052}.Debug|x86.ActiveCfg = Debug|Win32
		{3B712216-EF7C-4128-9A74-0C1490A08052}.Debug|x86.Build.0 = Debug|Win32
		{3B712216-EF7C-4128-9A74-0C1490A08052}.Release|Any CPU.ActiveCfg = Release|Win32
		{3B712216-EF7C-4128-9A74-0C1490A08052}.Release|x64.ActiveCfg = Release|x64
		{3B712216-EF7C-4128-9A74-0C1490A08052}.Release|x64.Build.0 = Release|x64
		{3B712216-EF7C-4128-9A74-0C1490A08052}.Release|x86.ActiveCfg = Release|Win32
		{3B712216-EF7C-4128-9A74-0C1490A08052}.Release|x86.Build.0 = Release|Win32
		{D5B07073-964D-4289-970C-05724C310B30}.Debug|Any CPU.ActiveCfg = Debug|Win32
		{D5B07073-964D-4289-970C-05724C310B30}.Debug|x64.ActiveCfg = Debug|x64
		{D5B07073-964D-4289-970C-05724C310B30}.Debug|x64.Build.0 = Debug|x64
		{D5B07073-964D-4289-970C-05724C310B30}.Debug|x86.ActiveCfg = Debug|Win32
		{D5B07073-964D-4289-970C-05724C310B30}.Debug|x86.Build.0 = Debug|Win32
		{D5B07073-964D-4289-970C-05724C310B30}.Release|Any CPU.ActiveCfg = Release|Win32
		{D5B07073-964D-4289-970C-05724C310B30}.Release|x64.ActiveCfg = Release|x64
		{D5B07073-964D-4289-970C-05724C310B30}.Release|x64.Build.0 = Release|x64
		{D5B07073-964D-4289-970C-05724C310B30}.Release|x86.ActiveCfg = Release|Win32
		{D5B07073-964D-4289-970C-05724C310B30}.Release|x86.Build.0 = Release|Win32
		{275FA03B-8CD6-45A4-8F5A-C8BE231B206B}.Debug|Any CPU.ActiveCfg = Debug|Win32
		{275FA03B-8CD6-45A4-8F5A-C8BE231B206B}.Debug|x64.ActiveCfg = Debug|x64
		{275FA03B-8CD6-45A4-8F5A-C8BE231B206B}.Debug|x64.Build.0 = Debug|x64
		{275FA03B-8CD6-45A4-8F5A-C8BE231B206B}.Debug|x86.ActiveCfg = Debug|Win32
		{275FA03B-8CD6-45A4-8F5A-C8BE231B206B}.Debug|x86.Build.0 = Debug|Win32
		{275FA03B-8CD6-45A4-8F5A-C8BE231B206B}.Release|Any CPU.ActiveCfg = Release|Win32
		{275FA03B-8CD6-45A4-8F5A-C8BE231B206B}.Release|x64.ActiveCfg = Release|x64
		{275FA03B-8CD6-45A4-8F5A-C8BE231B206B}.Release|x64.Build.0 = Release|x64
		{275FA03B-8CD6-45A4-8F5A-C8BE231B206B}.Release|x86.ActiveCfg = Release|Win32
		{275FA03B-8CD6-45A4-8F5A-C8BE231B206B}.Release|x86.Build.0 = Release|Win32
		{20DAC4A3-3103-4F3A-AF26-E841D478AE10}.Debug|Any CPU.ActiveCfg = Debug|Win32
		{20DAC4A3-3103-4F3A-AF26-E841D478AE10}.Debug|x64.ActiveCfg = Debug|x64
		{20DAC4A3-3103-4F3A-AF26-E841D478AE10}.Debug|x64.Build.0 = Debug|x64
		{20DAC4A3-3103-4F3A-AF26-E841D478AE10}.Debug|x86.ActiveCfg = Debug|Win32
		{20DAC4A3-3103-4F3A-AF26-E841D478AE10}.Debug|x86.Build.0 = Debug|Win32
		{20DAC4A3-3103-4F3A-AF26-E841D478AE10}.Release|Any CPU.ActiveCfg = Release|Win32
		{20DAC4A3-3103-4F3A-AF26-E841D478AE10}.Release|x64.ActiveCfg = Release|x64
		{20DAC4A3-3103-4F3A-AF26-E841D478AE10}.Release|x64.Build.0 = Release|x64
		{20DAC4A3-3103-4F3A-AF26-E841D478AE10}.Release|x86.ActiveCfg = Release|Win32
		{20DAC4A3-3103-4F3A-AF26-E841D478AE10}.Release|x86.Build.0 = Release|Win32
		{EB71F3BE-07B1-4935-BF7C-7F379A808DDF}.Debug|Any CPU.ActiveCfg = Debug|Win32
		{EB71F3BE-07B1-4935-BF7C-7F379A808DDF}.Debug|x64.ActiveCfg = Debug|x64
		{EB71F3BE-07B1-4935-BF7C-7F379A808DDF}.Debug|x64.Build.0 = Debug|x64
		{EB71F3BE-07B1-4935-BF7C-7F379A808DDF}.Debug|x86.ActiveCfg = Debug|Win32
		{EB71F3BE-07B1-4935-BF7C-7F379A808DDF}.Debug|x86.Build.0 = Debug|Win32
		{EB71F3BE-07B1-4935-BF7C-7F379A808DDF}.Release|Any CPU.ActiveCfg = Release|Win32
		{EB71F3BE-07B1-4935-BF7C-7F379A808DDF}.Release|x64.ActiveCfg = Release|x64
		{EB71F3BE-07B1-4935-BF7C-7F379A808DDF}.Release|x64.Build.0 = Release|x64
		{EB71F3BE-07B1-4935-BF7C-7F379A808DDF}.Release|x86.ActiveCfg = Release|Win32
		{EB71F3BE-07B1-4935-BF7C-7F379A808DDF}.Release|x86.Build.0 = Release|Win32
	EndGlobalSection
	GlobalSection(SolutionProperties) = preSolution
		HideSolutionNode = FALSE
	EndGlobalSection
	GlobalSection(NestedProjects) = preSolution
		{67A9FF5D-5952-4A08-94B9-4C64FEB4B5D6} = {02532F32-7021-4619-9B6C-97A8476184E3}
		{7D4690D9-94D6-42DB-AAAC-257C4E25E7F5} = {D6A6162D-E61B-4171-B4F0-0EB2B9196E42}
		{CAAE24FA-B6F0-4C6A-A792-81013CDBA62D} = {80A937E6-7CFC-4F57-9EC9-6EDA2B9012A1}
		{8622F747-15AC-4675-9055-D7E613CF3F72} = {80A937E6-7CFC-4F57-9EC9-6EDA2B9012A1}
		{4796F31F-7CE5-4C85-BF74-100466E615E0} = {80A937E6-7CFC-4F57-9EC9-6EDA2B9012A1}
		{4EE0B5A7-7CBD-4227-83D8-4313B999797E} = {2C238E7A-EDC1-4ECF-A227-63459DE9F00D}
		{5D25D94C-3986-4381-8922-BE73BACADA48} = {2C238E7A-EDC1-4ECF-A227-63459DE9F00D}
		{1DABA21A-2301-47F4-9FC9-8FABCDC47904} = {2C238E7A-EDC1-4ECF-A227-63459DE9F00D}
		{EE8BAC45-E3ED-498B-9140-F8C900B6B681} = {884205C5-3F2B-4811-A919-D3FC0B9805B0}
		{9D5CD3ED-6752-4D15-87BA-5FB5890D1176} = {884205C5-3F2B-4811-A919-D3FC0B9805B0}
		{63801BB3-EBDB-40FF-B0DF-96256601EE98} = {884205C5-3F2B-4811-A919-D3FC0B9805B0}
		{D24D2299-8FF3-49E6-A012-387578A41541} = {21049BFC-36D2-4BA9-84BF-076751E1B553}
		{C46DB4ED-834A-437D-8DC0-0177CADB3AD7} = {21049BFC-36D2-4BA9-84BF-076751E1B553}
		{B47AF4DF-25F6-4AB3-A599-763B3E128B4D} = {21049BFC-36D2-4BA9-84BF-076751E1B553}
		{99091C6D-4991-430F-BE21-1BD6AD7292BE} = {0CEF1F95-44AB-4986-B664-F02845ABA254}
		{3B712216-EF7C-4128-9A74-0C1490A08052} = {0CEF1F95-44AB-4986-B664-F02845ABA254}
		{D5B07073-964D-4289-970C-05724C310B30} = {0CEF1F95-44AB-4986-B664-F02845ABA254}
		{275FA03B-8CD6-45A4-8F5A-C8BE231B206B} = {A766E8BF-92BE-450D-AF4A-A9D6D8510FE2}
		{20DAC4A3-3103-4F3A-AF26-E841D478AE10} = {A766E8BF-92BE-450D-AF4A-A9D6D8510FE2}
		{EB71F3BE-07B1-4935-BF7C-7F379A808DDF} = {A766E8BF-92BE-450D-AF4A-A9D6D8510FE2}
	EndGlobalSection
	GlobalSection(ExtensibilityGlobals) = postSolution
		SolutionGuid = {FCBA47A8-950E-417D-B78C-D29D45BF237E}
	EndGlobalSection
EndGlobal
